{
  "nodes": {
    "flake-utils": {
      "locked": {
        "lastModified": 1652776076,
        "narHash": "sha256-gzTw/v1vj4dOVbpBSJX4J0DwUR6LIyXo7/SuuTJp1kM=",
        "owner": "numtide",
        "repo": "flake-utils",
        "rev": "04c1b180862888302ddfb2e3ad9eaa63afc60cf8",
        "type": "github"
      },
      "original": {
        "owner": "numtide",
        "ref": "v1.0.0",
        "repo": "flake-utils",
        "type": "github"
      }
    },
    "nixos": {
      "locked": {
        "lastModified": 1690148897,
        "narHash": "sha256-l/j/AX1d2K79EWslwgWR2+htkzCbtjKZsS5NbWXnhz4=",
        "owner": "NixOS",
        "repo": "nixpkgs",
        "rev": "ac1acba43b2f9db073943ff5ed883ce7e8a40a2c",
        "type": "github"
      },
      "original": {
        "owner": "NixOS",
        "ref": "nixos-23.05",
        "repo": "nixpkgs",
        "type": "github"
      }
    },
    "pythoneda-shared-artifact-changes-shared": {
      "inputs": {
        "flake-utils": [
          "flake-utils"
        ],
        "nixos": [
          "nixos"
        ],
        "pythoneda-shared-pythoneda-domain": [
          "pythoneda-shared-pythoneda-domain"
        ]
      },
      "locked": {
        "dir": "shared",
        "lastModified": 1690221355,
        "narHash": "sha256-OMYmb4HSy0DlZqtuBSa4rVKYt8PUUyxwFtF0d5GCapw=",
        "owner": "pythoneda-shared-artifact-changes",
        "repo": "shared-artifact",
        "rev": "1bac5759046ce331b4f737d9476b18919036768d",
        "type": "github"
      },
      "original": {
        "dir": "shared",
        "owner": "pythoneda-shared-artifact-changes",
        "ref": "0.0.1a1",
        "repo": "shared-artifact",
        "type": "github"
      }
    },
    "pythoneda-shared-pythoneda-domain": {
      "inputs": {
        "flake-utils": [
          "flake-utils"
        ],
        "nixos": [
          "nixos"
        ]
      },
      "locked": {
        "dir": "domain",
        "lastModified": 1690220976,
        "narHash": "sha256-Q9iGryBmTtzflS+4uGDG6MUzGAN7ggGw+ybQ7M9y6z0=",
        "owner": "pythoneda-shared-pythoneda",
        "repo": "domain-artifact",
        "rev": "37f3e31609f4e7c2cbe0cf517702390e06846be6",
        "type": "github"
      },
      "original": {
        "dir": "domain",
        "owner": "pythoneda-shared-pythoneda",
        "ref": "0.0.1a25",
        "repo": "domain-artifact",
        "type": "github"
      }
    },
    "root": {
      "inputs": {
        "flake-utils": "flake-utils",
        "nixos": "nixos",
        "pythoneda-shared-artifact-changes-shared": "pythoneda-shared-artifact-changes-shared",
        "pythoneda-shared-pythoneda-domain": "pythoneda-shared-pythoneda-domain"
      }
    }
  },
  "root": "root",
  "version": 7
}
